<?xml version="1.0" encoding="utf-8"?>
<Project ToolsVersion="4.0" xmlns="http://schemas.microsoft.com/developer/msbuild/2003">
  <ItemGroup>
    <Filter Include="Source Files">
      <UniqueIdentifier>{4FC737F1-C7A5-4376-A066-2A32D752A2FF}</UniqueIdentifier>
      <Extensions>cpp;c;cc;cxx;def;odl;idl;hpj;bat;asm;asmx</Extensions>
    </Filter>
    <Filter Include="Header Files">
      <UniqueIdentifier>{93995380-89BD-4b04-88EB-625FBE52EBFB}</UniqueIdentifier>
      <Extensions>h;hh;hpp;hxx;hm;inl;inc;xsd</Extensions>
    </Filter>
    <Filter Include="Resource Files">
      <UniqueIdentifier>{67DA6AB6-F800-4c08-8B7A-83BB121AAD01}</UniqueIdentifier>
      <Extensions>rc;ico;cur;bmp;dlg;rc2;rct;bin;rgs;gif;jpg;jpeg;jpe;resx;tiff;tif;png;wav;mfcribbon-ms</Extensions>
    </Filter>
  </ItemGroup>
  <ItemGroup>
    <None Include="src\Agent.ipp">
      <Filter>Header Files</Filter>
    </None>
    <None Include="src\AgentLayer.ipp">
      <Filter>Header Files</Filter>
    </None>
    <None Include="src\AgentSwarm.ipp">
      <Filter>Header Files</Filter>
    </None>
    <None Include="src\FeatureHierarchy.ipp">
      <Filter>Header Files</Filter>
    </None>
    <None Include="src\Helpers.ipp">
      <Filter>Header Files</Filter>
    </None>
    <None Include="src\Hierarchy.ipp">
      <Filter>Header Files</Filter>
    </None>
    <None Include="src\ImageWhitener.ipp">
      <Filter>Header Files</Filter>
    </None>
    <None Include="src\LayerDescs.ipp">
      <Filter>Header Files</Filter>
    </None>
    <None Include="src\Plot.ipp">
      <Filter>Header Files</Filter>
    </None>
    <None Include="src\Predictor.ipp">
      <Filter>Header Files</Filter>
    </None>
    <None Include="src\PredictorLayer.ipp">
      <Filter>Header Files</Filter>
    </None>
    <None Include="src\ScalarEncoder.ipp">
      <Filter>Header Files</Filter>
    </None>
    <None Include="src\SparseCoder.ipp">
      <Filter>Header Files</Filter>
    </None>
    <None Include="src\SparseFeatures.ipp">
      <Filter>Header Files</Filter>
    </None>
    <None Include="src\Mnist_Anomaly_Detection.ipp">
      <Filter>Source Files</Filter>
    </None>
    <None Include="src\SequenceRecall.ipp">
      <Filter>Source Files</Filter>
    </None>
    <None Include="src\Video_Prediction.ipp">
      <Filter>Source Files</Filter>
    </None>
    <None Include="src\PlotDebug.ipp">
      <Filter>Header Files</Filter>
    </None>
  </ItemGroup>
  <ItemGroup>
    <ClCompile Include="src\Main.cpp">
      <Filter>Source Files</Filter>
    </ClCompile>
  </ItemGroup>
  <ItemGroup>
    <ClInclude Include="src\timing.h">
      <Filter>Header Files</Filter>
    </ClInclude>
  </ItemGroup>
</Project>